
Microsoft Visual Studio Solution File, Format Version 12.00
# Visual Studio Version 17
VisualStudioVersion = 17.10.34916.146
MinimumVisualStudioVersion = 10.0.40219.1
Project("{9A19103F-16F7-4668-BE54-9A1E7A4F7556}") = "BuscaPrecoAcao.UI.Site", "BuscaPrecoAcao.UI.Site\BuscaPrecoAcao.UI.Site.csproj", "{98163A91-6B2B-4ED4-8590-07F3F49DF16D}"
EndProject
Project("{FAE04EC0-301F-11D3-BF4B-00C04F79EFBC}") = "ProjetoDeBusca", "ProjetoDeBusca\ProjetoDeBusca.csproj", "{1ADF56AB-E5F0-4330-8BE4-AC85F7B0B715}"
EndProject
Global
	GlobalSection(SolutionConfigurationPlatforms) = preSolution
		Debug|Any CPU = Debug|Any CPU
		Release|Any CPU = Release|Any CPU
	EndGlobalSection
	GlobalSection(ProjectConfigurationPlatforms) = postSolution
		{98163A91-6B2B-4ED4-8590-07F3F49DF16D}.Debug|Any CPU.ActiveCfg = Debug|Any CPU
		{98163A91-6B2B-4ED4-8590-07F3F49DF16D}.Debug|Any CPU.Build.0 = Debug|Any CPU
		{98163A91-6B2B-4ED4-8590-07F3F49DF16D}.Release|Any CPU.ActiveCfg = Release|Any CPU
		{98163A91-6B2B-4ED4-8590-07F3F49DF16D}.Release|Any CPU.Build.0 = Release|Any CPU
		{1ADF56AB-E5F0-4330-8BE4-AC85F7B0B715}.Debug|Any CPU.ActiveCfg = Debug|Any CPU
		{1ADF56AB-E5F0-4330-8BE4-AC85F7B0B715}.Debug|Any CPU.Build.0 = Debug|Any CPU
		{1ADF56AB-E5F0-4330-8BE4-AC85F7B0B715}.Release|Any CPU.ActiveCfg = Release|Any CPU
		{1ADF56AB-E5F0-4330-8BE4-AC85F7B0B715}.Release|Any CPU.Build.0 = Release|Any CPU
	EndGlobalSection
	GlobalSection(SolutionProperties) = preSolution
		HideSolutionNode = FALSE
	EndGlobalSection
	GlobalSection(ExtensibilityGlobals) = postSolution
		SolutionGuid = {8F8EAAA6-DEEB-4F60-A753-C29ED8EFDCA5}
	EndGlobalSection
EndGlobal
